Microsoft Visual Studio Solution File, Format Version 8.00
Project("{8BC9CEB8-8B4A-11D0-8D11-00A0C91BC942}") = "wator", "wator\wator.vcproj", "{7343615D-A656-41ED-B107-9ADCF9B7ECA4}"
	ProjectSection(ProjectDependencies) = postProject
		{7AABF422-C038-47F8-B3AE-15CEBA10493F} = {7AABF422-C038-47F8-B3AE-15CEBA10493F}
		{74CDD228-020A-46CE-9861-32473379CCCB} = {74CDD228-020A-46CE-9861-32473379CCCB}
	EndProjectSection
EndProject
Project("{8BC9CEB8-8B4A-11D0-8D11-00A0C91BC942}") = "tkbase", "..\tkapi\tkbase\tkbase.vcproj", "{74CDD228-020A-46CE-9861-32473379CCCB}"
	ProjectSection(ProjectDependencies) = postProject
	EndProjectSection
EndProject
Project("{8BC9CEB8-8B4A-11D0-8D11-00A0C91BC942}") = "tkw32", "..\tkapi\tkw32\tkw32.vcproj", "{7AABF422-C038-47F8-B3AE-15CEBA10493F}"
	ProjectSection(ProjectDependencies) = postProject
	EndProjectSection
EndProject
Global
	GlobalSection(SolutionConfiguration) = preSolution
		Debug = Debug
		Release = Release
	EndGlobalSection
	GlobalSection(ProjectConfiguration) = postSolution
		{7343615D-A656-41ED-B107-9ADCF9B7ECA4}.Debug.ActiveCfg = Debug|Win32
		{7343615D-A656-41ED-B107-9ADCF9B7ECA4}.Debug.Build.0 = Debug|Win32
		{7343615D-A656-41ED-B107-9ADCF9B7ECA4}.Release.ActiveCfg = Release|Win32
		{7343615D-A656-41ED-B107-9ADCF9B7ECA4}.Release.Build.0 = Release|Win32
		{74CDD228-020A-46CE-9861-32473379CCCB}.Debug.ActiveCfg = Debug|Win32
		{74CDD228-020A-46CE-9861-32473379CCCB}.Debug.Build.0 = Debug|Win32
		{74CDD228-020A-46CE-9861-32473379CCCB}.Release.ActiveCfg = Release|Win32
		{74CDD228-020A-46CE-9861-32473379CCCB}.Release.Build.0 = Release|Win32
		{7AABF422-C038-47F8-B3AE-15CEBA10493F}.Debug.ActiveCfg = Debug|Win32
		{7AABF422-C038-47F8-B3AE-15CEBA10493F}.Debug.Build.0 = Debug|Win32
		{7AABF422-C038-47F8-B3AE-15CEBA10493F}.Release.ActiveCfg = Release|Win32
		{7AABF422-C038-47F8-B3AE-15CEBA10493F}.Release.Build.0 = Release|Win32
	EndGlobalSection
	GlobalSection(ExtensibilityGlobals) = postSolution
	EndGlobalSection
	GlobalSection(ExtensibilityAddIns) = postSolution
	EndGlobalSection
EndGlobal
